{
  "version": 4,
  "terraform_version": "1.9.4",
  "serial": 58,
  "lineage": "80f28edf-55c9-c6a7-6480-93398cd50255",
  "outputs": {
    "ojs_db_fqdn": {
      "value": "ojs-mysqlserver-unique.mysql.database.azure.com",
      "type": "string"
    },
    "ojs_public_ip": {
      "value": "",
      "type": "string"
    }
  },
  "resources": [
    {
      "mode": "managed",
      "type": "azurerm_linux_virtual_machine",
      "name": "ojs_vm",
      "provider": "provider[\"registry.terraform.io/hashicorp/azurerm\"]",
      "instances": [
        {
          "schema_version": 0,
          "attributes": {
            "additional_capabilities": [],
            "admin_password": null,
            "admin_ssh_key": [
              {
                "public_key": "ssh-rsa AAAAB3NzaC1yc2EAAAADAQABAAACAQDBp1PP0AMY1Q55cB5ASHz2kFMdqevNU6TLc6Jw/igPQIhM+y8jtX3nlu+QW1YyQdkGblb22j1z1NvK4ym30dWdgZjEz2tCowgou7IHF3Kc/c1MEjsdQc1LpwCOKkQQJrrGwQ5ZqEd2F1I70365SRVHCK8BMq8HXxh9pmAXQ9pcL2paKBi1O9pzCCxuodP0FFjWvfRnT8rPf2V5dV8LqWiQDqKYivLC89kiXcLf5u/6WU4e25geqgWJpXiMXgTpkV9g7lZtcU9v/fG6VMi5DGQMGHICwsMYaeN/cDwJMy85awbeJdlRWPIP/Ox9Y1NB2qssiUS+fse/rbFiWMkTg5Yp6bvL3tk6M9kJ9DFu9sCfA5hAWpbLVQ8t6DvkxQQb6AeqZtJx5Zm2FMerFWb5me1fqKSzmk6KGOshZZy1y+ctcjlw9HwgxUtYUARklkN4YA4U47UBXZtH20e0BG6QnTBMxH1LgfbbCJvyX4ytPqG+ebTq9xiAij+/ZoX+ZpfMyphr6xiNzFvypqFcpNSdJTVaNU8XPtfpk7NH33ZBWryERriN0MADlRtVJm2TKJ4wZOy+1YF+Zu+yzbPOSAKMA5vKIv8uYW3arnOFFiDl27Fji4bSiBZTDLyXb95xkTixB0NXgbeUBBsPtUpvvGTU8nSpw8hj/7FEE6i94juFu7nP/Q== azureuser@myserver\n",
                "username": "adminuser"
              }
            ],
            "admin_username": "adminuser",
            "allow_extension_operations": true,
            "availability_set_id": "",
            "boot_diagnostics": [],
            "bypass_platform_safety_checks_on_user_schedule_enabled": false,
            "capacity_reservation_group_id": "",
            "computer_name": "ojs-vm",
            "custom_data": "IyEvYmluL2Jhc2gKZWNobyAiVXBkYXRpbmcgcGFja2FnZSBsaXN0cy4uLiIKc3VkbyBhcHQtZ2V0IHVwZGF0ZQoKZWNobyAiSW5zdGFsbGluZyBBcGFjaGUsIFBIUCwgTXlTUUwgY2xpZW50LCBhbmQgR2l0Li4uIgpzdWRvIGFwdC1nZXQgaW5zdGFsbCAteSBhcGFjaGUyIHBocCBwaHAtbXlzcWwgbXlzcWwtY2xpZW50IGdpdAoKZWNobyAiSW5zdGFsbGluZyBQSFAgOC4xIGFuZCBpdHMgZXh0ZW5zaW9ucy4uLiIKc3VkbyBhcHQgaW5zdGFsbCAteSBwaHA4LjEgcGhwOC4xLWNsaSBwaHA4LjEtY29tbW9uIHBocDguMS1teXNxbCBwaHA4LjEtemlwIHBocDguMS1nZCBwaHA4LjEtbWJzdHJpbmcgcGhwOC4xLWN1cmwgcGhwOC4xLXhtbCBwaHA4LjEtYmNtYXRoCgplY2hvICJJbnN0YWxsaW5nIENvbXBvc2VyLi4uIgpzdWRvIGFwdCBpbnN0YWxsIC15IGNvbXBvc2VyCgplY2hvICJJbnN0YWxsaW5nIG5wbS4uLiIKc3VkbyBhcHQgaW5zdGFsbCAteSBucG0KCmVjaG8gIkluc3RhbGxpbmcgTm9kZS5qcyBzdGFibGUgdmVyc2lvbiB1c2luZyBuLi4uIgpzdWRvIG5wbSBpbnN0YWxsIC1nIG4Kc3VkbyBuIHN0YWJsZQoKZWNobyAiQ2hhbmdpbmcgZGlyZWN0b3J5IHRvIC92YXIvd3d3L2h0bWwvLi4uIgpjZCAvdmFyL3d3dy9odG1sLwoKZWNobyAiUmVtb3ZpbmcgZGVmYXVsdCBpbmRleC5odG1sLi4uIgpzdWRvIHJtIGluZGV4Lmh0bWwKCmVjaG8gIkNsb25pbmcgdGhlIE9KUyByZXBvc2l0b3J5Li4uIgpzdWRvIGdpdCBjbG9uZSBodHRwczovL2dpdGh1Yi5jb20vcGtwL29qcyAtLXJlY3Vyc2Utc3VibW9kdWxlcyAtYiBzdGFibGUtM180XzAgL3Zhci93d3cvaHRtbAoKZWNobyAiSW5zdGFsbGluZyBkZXBlbmRlbmNpZXMgZm9yIGxpYi9wa3AuLi4iCnllcyB8IHN1ZG8gY29tcG9zZXIgLS13b3JraW5nLWRpcj1saWIvcGtwIGluc3RhbGwKCmVjaG8gIkluc3RhbGxpbmcgZGVwZW5kZW5jaWVzIGZvciBwbHVnaW5zL2dlbmVyaWMvY2l0YXRpb25TdHlsZUxhbmd1YWdlLi4uIgp5ZXMgfCBzdWRvIGNvbXBvc2VyIC0td29ya2luZy1kaXI9cGx1Z2lucy9nZW5lcmljL2NpdGF0aW9uU3R5bGVMYW5ndWFnZSBpbnN0YWxsCgplY2hvICJJbnN0YWxsaW5nIGRlcGVuZGVuY2llcyBmb3IgcGx1Z2lucy9wYXltZXRob2QvcGF5cGFsLi4uIgp5ZXMgfCBzdWRvIGNvbXBvc2VyIC0td29ya2luZy1kaXI9cGx1Z2lucy9wYXltZXRob2QvcGF5cGFsIGluc3RhbGwKCmVjaG8gIlJ1bm5pbmcgbnBtIGluc3RhbGwuLi4iCnN1ZG8gbnBtIGluc3RhbGwKCmVjaG8gIkJ1aWxkaW5nIHRoZSBwcm9qZWN0IHdpdGggbnBtLi4uIgpzdWRvIG5wbSBydW4gYnVpbGQKCmVjaG8gIkNoYW5naW5nIG93bmVyc2hpcCBvZiAvdmFyL3d3dy9odG1sIHRvIHRoZSBjdXJyZW50IHVzZXIuLi4iCnN1ZG8gY2hvd24gLVIgJCh3aG9hbWkpIC92YXIvd3d3L2h0bWwKCmVjaG8gIkNyZWF0aW5nIHVwbG9hZF9maWxlcyBkaXJlY3RvcnkuLi4iCnN1ZG8gbWtkaXIgdXBsb2FkX2ZpbGVzCgplY2hvICJDb3B5aW5nIHRoZSBjb25maWd1cmF0aW9uIHRlbXBsYXRlLi4uIgpjcCBjb25maWcuVEVNUExBVEUuaW5jLnBocCBjb25maWcuaW5jLnBocAoKZWNobyAiVXBkYXRpbmcgZGF0YWJhc2UgY29uZmlndXJhdGlvbiBpbiBjb25maWcuaW5jLnBocC4uLiIKc2VkIC1pICdzL2RyaXZlciA9IG15c3FsL2RyaXZlciA9IG15c3FsLycgY29uZmlnLmluYy5waHAKc2VkIC1pICdzL2hvc3QgPSBsb2NhbGhvc3QvaG9zdCA9IG9qcy1teXNxbHNlcnZlci11bmlxdWUubXlzcWwuZGF0YWJhc2UuYXp1cmUuY29tLycgY29uZmlnLmluYy5waHAKc2VkIC1pICdzL3VzZXJuYW1lID0gb2pzL3VzZXJuYW1lID0gZGJhZG1pbi8nIGNvbmZpZy5pbmMucGhwCnNlZCAtaSAncy9wYXNzd29yZCA9IG9qcy9wYXNzd29yZCA9IEhhaGFoYSExMjMvJyBjb25maWcuaW5jLnBocApzZWQgLWkgJ3MvbmFtZSA9IG9qcy9uYW1lID0gb2pzZGIvJyBjb25maWcuaW5jLnBocApzZWQgLWkgJ3MvOyBwb3J0ID0gMzMwNi9wb3J0ID0gMzMwNi8nIGNvbmZpZy5pbmMucGhwCgplY2hvICJTZXR0aW5nIG93bmVyc2hpcCBhbmQgcGVybWlzc2lvbnMgZm9yIGNhY2hlIGRpcmVjdG9yeS4uLiIKc3VkbyBjaG93biAtUiB3d3ctZGF0YTp3d3ctZGF0YSAvdmFyL3d3dy9odG1sL2NhY2hlCnN1ZG8gY2htb2QgLVIgNzU1IC92YXIvd3d3L2h0bWwvY2FjaGUKCmVjaG8gIlNldHRpbmcgb3duZXJzaGlwIGFuZCBwZXJtaXNzaW9ucyBmb3IgdXBsb2FkX2ZpbGVzIGRpcmVjdG9yeS4uLiIKc3VkbyBjaG1vZCAtUiA3NzcgL3Zhci93d3cvaHRtbC91cGxvYWRfZmlsZXMKCmVjaG8gIlNldHRpbmcgb3duZXJzaGlwIGFuZCBwZXJtaXNzaW9ucyBmb3IgcHVibGljIGRpcmVjdG9yeS4uLiIKc3VkbyBjaG1vZCAtUiA3NzcgL3Zhci93d3cvaHRtbC9wdWJsaWMKCmVjaG8gIlJlc3RhcnRpbmcgQXBhY2hlLi4uIgpzdWRvIHN5c3RlbWN0bCByZXN0YXJ0IGFwYWNoZTIKCiMgdG91Y2ggL3RtcC9zZXR1cF9jb21wbGV0ZQo=",
            "dedicated_host_group_id": "",
            "dedicated_host_id": "",
            "disable_password_authentication": true,
            "disk_controller_type": "SCSI",
            "edge_zone": "",
            "encryption_at_host_enabled": false,
            "eviction_policy": "",
            "extensions_time_budget": "PT1H30M",
            "gallery_application": [],
            "id": "/subscriptions/c9c86e6b-9ffa-42f2-a45f-357a35bd2236/resourceGroups/ojs-resources/providers/Microsoft.Compute/virtualMachines/ojs-vm",
            "identity": [],
            "license_type": "",
            "location": "westus",
            "max_bid_price": -1,
            "name": "ojs-vm",
            "network_interface_ids": [
              "/subscriptions/c9c86e6b-9ffa-42f2-a45f-357a35bd2236/resourceGroups/ojs-resources/providers/Microsoft.Network/networkInterfaces/ojs-nic"
            ],
            "os_disk": [
              {
                "caching": "ReadWrite",
                "diff_disk_settings": [],
                "disk_encryption_set_id": "",
                "disk_size_gb": 30,
                "name": "ojs-vm_OsDisk_1_dbf6b6699aca4bc689d52c5dae52b457",
                "secure_vm_disk_encryption_set_id": "",
                "security_encryption_type": "",
                "storage_account_type": "Standard_LRS",
                "write_accelerator_enabled": false
              }
            ],
            "os_image_notification": [],
            "patch_assessment_mode": "ImageDefault",
            "patch_mode": "ImageDefault",
            "plan": [],
            "platform_fault_domain": -1,
            "priority": "Regular",
            "private_ip_address": "10.0.1.4",
            "private_ip_addresses": [
              "10.0.1.4"
            ],
            "provision_vm_agent": true,
            "proximity_placement_group_id": "",
            "public_ip_address": "13.93.182.117",
            "public_ip_addresses": [
              "13.93.182.117"
            ],
            "reboot_setting": "",
            "resource_group_name": "ojs-resources",
            "secret": [],
            "secure_boot_enabled": false,
            "size": "Standard_B2s",
            "source_image_id": "",
            "source_image_reference": [
              {
                "offer": "0001-com-ubuntu-server-jammy",
                "publisher": "Canonical",
                "sku": "22_04-lts-gen2",
                "version": "latest"
              }
            ],
            "tags": null,
            "termination_notification": null,
            "timeouts": null,
            "user_data": "",
            "virtual_machine_id": "dfbe9c60-9863-4101-8aea-f5448c934ffd",
            "virtual_machine_scale_set_id": "",
            "vm_agent_platform_updates_enabled": false,
            "vtpm_enabled": false,
            "zone": ""
          },
          "sensitive_attributes": [
            [
              {
                "type": "get_attr",
                "value": "custom_data"
              }
            ],
            [
              {
                "type": "get_attr",
                "value": "admin_password"
              }
            ]
          ],
          "private": "eyJlMmJmYjczMC1lY2FhLTExZTYtOGY4OC0zNDM2M2JjN2M0YzAiOnsiY3JlYXRlIjoyNzAwMDAwMDAwMDAwLCJkZWxldGUiOjI3MDAwMDAwMDAwMDAsInJlYWQiOjMwMDAwMDAwMDAwMCwidXBkYXRlIjoyNzAwMDAwMDAwMDAwfX0=",
          "dependencies": [
            "azurerm_mysql_flexible_database.ojs_db",
            "azurerm_mysql_flexible_server.ojs_db",
            "azurerm_network_interface.ojs_nic",
            "azurerm_public_ip.ojs_public_ip",
            "azurerm_resource_group.ojs_rg",
            "azurerm_subnet.ojs_subnet",
            "azurerm_virtual_network.ojs_vnet"
          ]
        }
      ]
    },
    {
      "mode": "managed",
      "type": "azurerm_mysql_flexible_database",
      "name": "ojs_db",
      "provider": "provider[\"registry.terraform.io/hashicorp/azurerm\"]",
      "instances": [
        {
          "schema_version": 0,
          "attributes": {
            "charset": "utf8",
            "collation": "utf8_unicode_ci",
            "id": "/subscriptions/c9c86e6b-9ffa-42f2-a45f-357a35bd2236/resourceGroups/ojs-resources/providers/Microsoft.DBforMySQL/flexibleServers/ojs-mysqlserver-unique/databases/ojsdb",
            "name": "ojsdb",
            "resource_group_name": "ojs-resources",
            "server_name": "ojs-mysqlserver-unique",
            "timeouts": null
          },
          "sensitive_attributes": [],
          "private": "eyJlMmJmYjczMC1lY2FhLTExZTYtOGY4OC0zNDM2M2JjN2M0YzAiOnsiY3JlYXRlIjozNjAwMDAwMDAwMDAwLCJkZWxldGUiOjM2MDAwMDAwMDAwMDAsInJlYWQiOjMwMDAwMDAwMDAwMH19",
          "dependencies": [
            "azurerm_mysql_flexible_server.ojs_db",
            "azurerm_resource_group.ojs_rg"
          ]
        }
      ]
    },
    {
      "mode": "managed",
      "type": "azurerm_mysql_flexible_server",
      "name": "ojs_db",
      "provider": "provider[\"registry.terraform.io/hashicorp/azurerm\"]",
      "instances": [
        {
          "schema_version": 0,
          "attributes": {
            "administrator_login": "dbadmin",
            "administrator_password": "Hahaha!123",
            "backup_retention_days": 7,
            "create_mode": null,
            "customer_managed_key": [],
            "delegated_subnet_id": "",
            "fqdn": "ojs-mysqlserver-unique.mysql.database.azure.com",
            "geo_redundant_backup_enabled": false,
            "high_availability": [],
            "id": "/subscriptions/c9c86e6b-9ffa-42f2-a45f-357a35bd2236/resourceGroups/ojs-resources/providers/Microsoft.DBforMySQL/flexibleServers/ojs-mysqlserver-unique",
            "identity": [],
            "location": "westus",
            "maintenance_window": [],
            "name": "ojs-mysqlserver-unique",
            "point_in_time_restore_time_in_utc": null,
            "private_dns_zone_id": "",
            "public_network_access_enabled": true,
            "replica_capacity": 10,
            "replication_role": "None",
            "resource_group_name": "ojs-resources",
            "sku_name": "B_Standard_B4ms",
            "source_server_id": null,
            "storage": [
              {
                "auto_grow_enabled": true,
                "io_scaling_enabled": false,
                "iops": 360,
                "size_gb": 20
              }
            ],
            "tags": null,
            "timeouts": null,
            "version": "5.7",
            "zone": ""
          },
          "sensitive_attributes": [
            [
              {
                "type": "get_attr",
                "value": "administrator_password"
              }
            ]
          ],
          "private": "eyJlMmJmYjczMC1lY2FhLTExZTYtOGY4OC0zNDM2M2JjN2M0YzAiOnsiY3JlYXRlIjozNjAwMDAwMDAwMDAwLCJkZWxldGUiOjM2MDAwMDAwMDAwMDAsInJlYWQiOjMwMDAwMDAwMDAwMCwidXBkYXRlIjozNjAwMDAwMDAwMDAwfX0=",
          "dependencies": [
            "azurerm_resource_group.ojs_rg"
          ]
        }
      ]
    },
    {
      "mode": "managed",
      "type": "azurerm_mysql_flexible_server_configuration",
      "name": "require_secure_transport_server_off",
      "provider": "provider[\"registry.terraform.io/hashicorp/azurerm\"]",
      "instances": [
        {
          "schema_version": 0,
          "attributes": {
            "id": "/subscriptions/c9c86e6b-9ffa-42f2-a45f-357a35bd2236/resourceGroups/ojs-resources/providers/Microsoft.DBforMySQL/flexibleServers/ojs-mysqlserver-unique/configurations/require_secure_transport",
            "name": "require_secure_transport",
            "resource_group_name": "ojs-resources",
            "server_name": "ojs-mysqlserver-unique",
            "timeouts": null,
            "value": "OFF"
          },
          "sensitive_attributes": [],
          "private": "eyJlMmJmYjczMC1lY2FhLTExZTYtOGY4OC0zNDM2M2JjN2M0YzAiOnsiY3JlYXRlIjoxODAwMDAwMDAwMDAwLCJkZWxldGUiOjE4MDAwMDAwMDAwMDAsInJlYWQiOjMwMDAwMDAwMDAwMCwidXBkYXRlIjoxODAwMDAwMDAwMDAwfX0=",
          "dependencies": [
            "azurerm_mysql_flexible_server.ojs_db",
            "azurerm_resource_group.ojs_rg"
          ]
        }
      ]
    },
    {
      "mode": "managed",
      "type": "azurerm_mysql_flexible_server_firewall_rule",
      "name": "ojs_fw_rule",
      "provider": "provider[\"registry.terraform.io/hashicorp/azurerm\"]",
      "instances": [
        {
          "schema_version": 0,
          "attributes": {
            "end_ip_address": "0.0.0.0",
            "id": "/subscriptions/c9c86e6b-9ffa-42f2-a45f-357a35bd2236/resourceGroups/ojs-resources/providers/Microsoft.DBforMySQL/flexibleServers/ojs-mysqlserver-unique/firewallRules/AllowAllAzureIPs",
            "name": "AllowAllAzureIPs",
            "resource_group_name": "ojs-resources",
            "server_name": "ojs-mysqlserver-unique",
            "start_ip_address": "0.0.0.0",
            "timeouts": null
          },
          "sensitive_attributes": [],
          "private": "eyJlMmJmYjczMC1lY2FhLTExZTYtOGY4OC0zNDM2M2JjN2M0YzAiOnsiY3JlYXRlIjoxODAwMDAwMDAwMDAwLCJkZWxldGUiOjE4MDAwMDAwMDAwMDAsInJlYWQiOjMwMDAwMDAwMDAwMCwidXBkYXRlIjoxODAwMDAwMDAwMDAwfX0=",
          "dependencies": [
            "azurerm_mysql_flexible_server.ojs_db",
            "azurerm_resource_group.ojs_rg"
          ]
        }
      ]
    },
    {
      "mode": "managed",
      "type": "azurerm_network_interface",
      "name": "ojs_nic",
      "provider": "provider[\"registry.terraform.io/hashicorp/azurerm\"]",
      "instances": [
        {
          "schema_version": 0,
          "attributes": {
            "accelerated_networking_enabled": false,
            "applied_dns_servers": [],
            "auxiliary_mode": "",
            "auxiliary_sku": "",
            "dns_servers": [],
            "edge_zone": "",
            "enable_accelerated_networking": false,
            "enable_ip_forwarding": false,
            "id": "/subscriptions/c9c86e6b-9ffa-42f2-a45f-357a35bd2236/resourceGroups/ojs-resources/providers/Microsoft.Network/networkInterfaces/ojs-nic",
            "internal_dns_name_label": "",
            "internal_domain_name_suffix": "ttqvxmch5afutdbcv1qsvzy1ih.dx.internal.cloudapp.net",
            "ip_configuration": [
              {
                "gateway_load_balancer_frontend_ip_configuration_id": "",
                "name": "ojs-nic-config",
                "primary": true,
                "private_ip_address": "10.0.1.4",
                "private_ip_address_allocation": "Dynamic",
                "private_ip_address_version": "IPv4",
                "public_ip_address_id": "/subscriptions/c9c86e6b-9ffa-42f2-a45f-357a35bd2236/resourceGroups/ojs-resources/providers/Microsoft.Network/publicIPAddresses/ojs-public-ip",
                "subnet_id": "/subscriptions/c9c86e6b-9ffa-42f2-a45f-357a35bd2236/resourceGroups/ojs-resources/providers/Microsoft.Network/virtualNetworks/ojs-network/subnets/ojs-subnet"
              }
            ],
            "ip_forwarding_enabled": false,
            "location": "westus",
            "mac_address": "",
            "name": "ojs-nic",
            "private_ip_address": "10.0.1.4",
            "private_ip_addresses": [
              "10.0.1.4"
            ],
            "resource_group_name": "ojs-resources",
            "tags": null,
            "timeouts": null,
            "virtual_machine_id": ""
          },
          "sensitive_attributes": [],
          "private": "eyJlMmJmYjczMC1lY2FhLTExZTYtOGY4OC0zNDM2M2JjN2M0YzAiOnsiY3JlYXRlIjoxODAwMDAwMDAwMDAwLCJkZWxldGUiOjE4MDAwMDAwMDAwMDAsInJlYWQiOjMwMDAwMDAwMDAwMCwidXBkYXRlIjoxODAwMDAwMDAwMDAwfX0=",
          "dependencies": [
            "azurerm_public_ip.ojs_public_ip",
            "azurerm_resource_group.ojs_rg",
            "azurerm_subnet.ojs_subnet",
            "azurerm_virtual_network.ojs_vnet"
          ]
        }
      ]
    },
    {
      "mode": "managed",
      "type": "azurerm_network_security_group",
      "name": "ojs_nsg",
      "provider": "provider[\"registry.terraform.io/hashicorp/azurerm\"]",
      "instances": [
        {
          "schema_version": 0,
          "attributes": {
            "id": "/subscriptions/c9c86e6b-9ffa-42f2-a45f-357a35bd2236/resourceGroups/ojs-resources/providers/Microsoft.Network/networkSecurityGroups/ojs-nsg",
            "location": "westus",
            "name": "ojs-nsg",
            "resource_group_name": "ojs-resources",
            "security_rule": [
              {
                "access": "Allow",
                "description": "",
                "destination_address_prefix": "*",
                "destination_address_prefixes": [],
                "destination_application_security_group_ids": [],
                "destination_port_range": "80",
                "destination_port_ranges": [],
                "direction": "Inbound",
                "name": "HTTP",
                "priority": 1001,
                "protocol": "Tcp",
                "source_address_prefix": "*",
                "source_address_prefixes": [],
                "source_application_security_group_ids": [],
                "source_port_range": "*",
                "source_port_ranges": []
              }
            ],
            "tags": null,
            "timeouts": null
          },
          "sensitive_attributes": [],
          "private": "eyJlMmJmYjczMC1lY2FhLTExZTYtOGY4OC0zNDM2M2JjN2M0YzAiOnsiY3JlYXRlIjoxODAwMDAwMDAwMDAwLCJkZWxldGUiOjE4MDAwMDAwMDAwMDAsInJlYWQiOjMwMDAwMDAwMDAwMCwidXBkYXRlIjoxODAwMDAwMDAwMDAwfX0=",
          "dependencies": [
            "azurerm_resource_group.ojs_rg"
          ]
        }
      ]
    },
    {
      "mode": "managed",
      "type": "azurerm_public_ip",
      "name": "ojs_public_ip",
      "provider": "provider[\"registry.terraform.io/hashicorp/azurerm\"]",
      "instances": [
        {
          "schema_version": 0,
          "attributes": {
            "allocation_method": "Dynamic",
            "ddos_protection_mode": "VirtualNetworkInherited",
            "ddos_protection_plan_id": null,
            "domain_name_label": null,
            "edge_zone": "",
            "fqdn": null,
            "id": "/subscriptions/c9c86e6b-9ffa-42f2-a45f-357a35bd2236/resourceGroups/ojs-resources/providers/Microsoft.Network/publicIPAddresses/ojs-public-ip",
            "idle_timeout_in_minutes": 4,
            "ip_address": "",
            "ip_tags": null,
            "ip_version": "IPv4",
            "location": "westus",
            "name": "ojs-public-ip",
            "public_ip_prefix_id": null,
            "resource_group_name": "ojs-resources",
            "reverse_fqdn": null,
            "sku": "Basic",
            "sku_tier": "Regional",
            "tags": null,
            "timeouts": null,
            "zones": null
          },
          "sensitive_attributes": [],
          "private": "eyJlMmJmYjczMC1lY2FhLTExZTYtOGY4OC0zNDM2M2JjN2M0YzAiOnsiY3JlYXRlIjoxODAwMDAwMDAwMDAwLCJkZWxldGUiOjE4MDAwMDAwMDAwMDAsInJlYWQiOjMwMDAwMDAwMDAwMCwidXBkYXRlIjoxODAwMDAwMDAwMDAwfX0=",
          "dependencies": [
            "azurerm_resource_group.ojs_rg"
          ]
        }
      ]
    },
    {
      "mode": "managed",
      "type": "azurerm_resource_group",
      "name": "ojs_rg",
      "provider": "provider[\"registry.terraform.io/hashicorp/azurerm\"]",
      "instances": [
        {
          "schema_version": 0,
          "attributes": {
            "id": "/subscriptions/c9c86e6b-9ffa-42f2-a45f-357a35bd2236/resourceGroups/ojs-resources",
            "location": "westus",
            "managed_by": "",
            "name": "ojs-resources",
            "tags": null,
            "timeouts": null
          },
          "sensitive_attributes": [],
          "private": "eyJlMmJmYjczMC1lY2FhLTExZTYtOGY4OC0zNDM2M2JjN2M0YzAiOnsiY3JlYXRlIjo1NDAwMDAwMDAwMDAwLCJkZWxldGUiOjU0MDAwMDAwMDAwMDAsInJlYWQiOjMwMDAwMDAwMDAwMCwidXBkYXRlIjo1NDAwMDAwMDAwMDAwfX0="
        }
      ]
    },
    {
      "mode": "managed",
      "type": "azurerm_subnet",
      "name": "ojs_subnet",
      "provider": "provider[\"registry.terraform.io/hashicorp/azurerm\"]",
      "instances": [
        {
          "schema_version": 0,
          "attributes": {
            "address_prefixes": [
              "10.0.1.0/24"
            ],
            "default_outbound_access_enabled": true,
            "delegation": [],
            "enforce_private_link_endpoint_network_policies": false,
            "enforce_private_link_service_network_policies": false,
            "id": "/subscriptions/c9c86e6b-9ffa-42f2-a45f-357a35bd2236/resourceGroups/ojs-resources/providers/Microsoft.Network/virtualNetworks/ojs-network/subnets/ojs-subnet",
            "name": "ojs-subnet",
            "private_endpoint_network_policies": "Enabled",
            "private_endpoint_network_policies_enabled": true,
            "private_link_service_network_policies_enabled": true,
            "resource_group_name": "ojs-resources",
            "service_endpoint_policy_ids": null,
            "service_endpoints": null,
            "timeouts": null,
            "virtual_network_name": "ojs-network"
          },
          "sensitive_attributes": [],
          "private": "eyJlMmJmYjczMC1lY2FhLTExZTYtOGY4OC0zNDM2M2JjN2M0YzAiOnsiY3JlYXRlIjoxODAwMDAwMDAwMDAwLCJkZWxldGUiOjE4MDAwMDAwMDAwMDAsInJlYWQiOjMwMDAwMDAwMDAwMCwidXBkYXRlIjoxODAwMDAwMDAwMDAwfX0=",
          "dependencies": [
            "azurerm_resource_group.ojs_rg",
            "azurerm_virtual_network.ojs_vnet"
          ]
        }
      ]
    },
    {
      "mode": "managed",
      "type": "azurerm_virtual_network",
      "name": "ojs_vnet",
      "provider": "provider[\"registry.terraform.io/hashicorp/azurerm\"]",
      "instances": [
        {
          "schema_version": 0,
          "attributes": {
            "address_space": [
              "10.0.0.0/16"
            ],
            "bgp_community": "",
            "ddos_protection_plan": [],
            "dns_servers": [],
            "edge_zone": "",
            "encryption": [],
            "flow_timeout_in_minutes": 0,
            "guid": "b05be19c-f847-490b-8c22-aee12ae71b47",
            "id": "/subscriptions/c9c86e6b-9ffa-42f2-a45f-357a35bd2236/resourceGroups/ojs-resources/providers/Microsoft.Network/virtualNetworks/ojs-network",
            "location": "westus",
            "name": "ojs-network",
            "resource_group_name": "ojs-resources",
            "subnet": [],
            "tags": null,
            "timeouts": null
          },
          "sensitive_attributes": [],
          "private": "eyJlMmJmYjczMC1lY2FhLTExZTYtOGY4OC0zNDM2M2JjN2M0YzAiOnsiY3JlYXRlIjoxODAwMDAwMDAwMDAwLCJkZWxldGUiOjE4MDAwMDAwMDAwMDAsInJlYWQiOjMwMDAwMDAwMDAwMCwidXBkYXRlIjoxODAwMDAwMDAwMDAwfX0=",
          "dependencies": [
            "azurerm_resource_group.ojs_rg"
          ]
        }
      ]
    },
    {
      "mode": "managed",
      "type": "random_string",
      "name": "myrandom",
      "provider": "provider[\"registry.terraform.io/hashicorp/random\"]",
      "instances": [
        {
          "schema_version": 2,
          "attributes": {
            "id": "klkjgk",
            "keepers": null,
            "length": 6,
            "lower": true,
            "min_lower": 0,
            "min_numeric": 0,
            "min_special": 0,
            "min_upper": 0,
            "number": false,
            "numeric": false,
            "override_special": null,
            "result": "klkjgk",
            "special": false,
            "upper": false
          },
          "sensitive_attributes": []
        }
      ]
    }
  ],
  "check_results": null
}
